
Microsoft Visual Studio Solution File, Format Version 12.00
# Visual Studio 15
VisualStudioVersion = 15.0.27703.2042
MinimumVisualStudioVersion = 10.0.40219.1
Project("{FAE04EC0-301F-11D3-BF4B-00C04F79EFBC}") = "Fraction", "Fraction\Fraction.csproj", "{680B42BA-891F-403F-B86D-95BDF886864A}"
EndProject
Project("{FAE04EC0-301F-11D3-BF4B-00C04F79EFBC}") = "Complex", "Complex\Complex.csproj", "{92B0B130-AA49-4CA8-B1BB-879C19B44D04}"
EndProject
Project("{FAE04EC0-301F-11D3-BF4B-00C04F79EFBC}") = "Calculator", "Calculator\Calculator.csproj", "{7EE59DEA-8BFB-4971-8F1A-025A3488F1B0}"
EndProject
Project("{FAE04EC0-301F-11D3-BF4B-00C04F79EFBC}") = "Dialog", "Dialog\Dialog.csproj", "{2DE89AED-55F0-4881-8DA8-A9DB53E90EE3}"
EndProject
Project("{FAE04EC0-301F-11D3-BF4B-00C04F79EFBC}") = "Menu", "Menu\Menu.csproj", "{F4FE20EB-3ED8-4EDC-8D2B-CE05509D680F}"
EndProject
Project("{FAE04EC0-301F-11D3-BF4B-00C04F79EFBC}") = "VisualCalculator", "VisualCalculator\VisualCalculator.csproj", "{8C4185B9-9993-4F29-A2C1-E85F31927D02}"
EndProject
Project("{FAE04EC0-301F-11D3-BF4B-00C04F79EFBC}") = "Bird", "Bird\Bird.csproj", "{81BD5B3D-DFD8-4389-888C-9794FA71024B}"
EndProject
Global
	GlobalSection(SolutionConfigurationPlatforms) = preSolution
		Debug|Any CPU = Debug|Any CPU
		Release|Any CPU = Release|Any CPU
	EndGlobalSection
	GlobalSection(ProjectConfigurationPlatforms) = postSolution
		{680B42BA-891F-403F-B86D-95BDF886864A}.Debug|Any CPU.ActiveCfg = Debug|Any CPU
		{680B42BA-891F-403F-B86D-95BDF886864A}.Debug|Any CPU.Build.0 = Debug|Any CPU
		{680B42BA-891F-403F-B86D-95BDF886864A}.Release|Any CPU.ActiveCfg = Release|Any CPU
		{680B42BA-891F-403F-B86D-95BDF886864A}.Release|Any CPU.Build.0 = Release|Any CPU
		{92B0B130-AA49-4CA8-B1BB-879C19B44D04}.Debug|Any CPU.ActiveCfg = Debug|Any CPU
		{92B0B130-AA49-4CA8-B1BB-879C19B44D04}.Debug|Any CPU.Build.0 = Debug|Any CPU
		{92B0B130-AA49-4CA8-B1BB-879C19B44D04}.Release|Any CPU.ActiveCfg = Release|Any CPU
		{92B0B130-AA49-4CA8-B1BB-879C19B44D04}.Release|Any CPU.Build.0 = Release|Any CPU
		{7EE59DEA-8BFB-4971-8F1A-025A3488F1B0}.Debug|Any CPU.ActiveCfg = Debug|Any CPU
		{7EE59DEA-8BFB-4971-8F1A-025A3488F1B0}.Debug|Any CPU.Build.0 = Debug|Any CPU
		{7EE59DEA-8BFB-4971-8F1A-025A3488F1B0}.Release|Any CPU.ActiveCfg = Release|Any CPU
		{7EE59DEA-8BFB-4971-8F1A-025A3488F1B0}.Release|Any CPU.Build.0 = Release|Any CPU
		{2DE89AED-55F0-4881-8DA8-A9DB53E90EE3}.Debug|Any CPU.ActiveCfg = Debug|Any CPU
		{2DE89AED-55F0-4881-8DA8-A9DB53E90EE3}.Debug|Any CPU.Build.0 = Debug|Any CPU
		{2DE89AED-55F0-4881-8DA8-A9DB53E90EE3}.Release|Any CPU.ActiveCfg = Release|Any CPU
		{2DE89AED-55F0-4881-8DA8-A9DB53E90EE3}.Release|Any CPU.Build.0 = Release|Any CPU
		{F4FE20EB-3ED8-4EDC-8D2B-CE05509D680F}.Debug|Any CPU.ActiveCfg = Debug|Any CPU
		{F4FE20EB-3ED8-4EDC-8D2B-CE05509D680F}.Debug|Any CPU.Build.0 = Debug|Any CPU
		{F4FE20EB-3ED8-4EDC-8D2B-CE05509D680F}.Release|Any CPU.ActiveCfg = Release|Any CPU
		{F4FE20EB-3ED8-4EDC-8D2B-CE05509D680F}.Release|Any CPU.Build.0 = Release|Any CPU
		{8C4185B9-9993-4F29-A2C1-E85F31927D02}.Debug|Any CPU.ActiveCfg = Debug|Any CPU
		{8C4185B9-9993-4F29-A2C1-E85F31927D02}.Debug|Any CPU.Build.0 = Debug|Any CPU
		{8C4185B9-9993-4F29-A2C1-E85F31927D02}.Release|Any CPU.ActiveCfg = Release|Any CPU
		{8C4185B9-9993-4F29-A2C1-E85F31927D02}.Release|Any CPU.Build.0 = Release|Any CPU
		{81BD5B3D-DFD8-4389-888C-9794FA71024B}.Debug|Any CPU.ActiveCfg = Debug|Any CPU
		{81BD5B3D-DFD8-4389-888C-9794FA71024B}.Debug|Any CPU.Build.0 = Debug|Any CPU
		{81BD5B3D-DFD8-4389-888C-9794FA71024B}.Release|Any CPU.ActiveCfg = Release|Any CPU
		{81BD5B3D-DFD8-4389-888C-9794FA71024B}.Release|Any CPU.Build.0 = Release|Any CPU
	EndGlobalSection
	GlobalSection(SolutionProperties) = preSolution
		HideSolutionNode = FALSE
	EndGlobalSection
	GlobalSection(ExtensibilityGlobals) = postSolution
		SolutionGuid = {3EF46DAE-1646-4BCB-B5F3-4404688C7A94}
	EndGlobalSection
EndGlobal
